
Microsoft Visual Studio Solution File, Format Version 12.00
# Visual Studio 2013
VisualStudioVersion = 12.0.21005.1
MinimumVisualStudioVersion = 10.0.40219.1
Project("{FAE04EC0-301F-11D3-BF4B-00C04F79EFBC}") = "UGRS.AddOn.Purchases", "UGRS.AddOn.Purchases\UGRS.AddOn.Purchases.csproj", "{A0FAB258-4B6C-43C4-976D-3017959AD58C}"
EndProject
Project("{FAE04EC0-301F-11D3-BF4B-00C04F79EFBC}") = "UGRS.Core", "UGRS.Core\UGRS.Core.csproj", "{94ECC66F-57E7-4637-902D-2873CC636320}"
EndProject
Project("{FAE04EC0-301F-11D3-BF4B-00C04F79EFBC}") = "UGRS.Core.SDK", "UGRS.Core.SDK\UGRS.Core.SDK.csproj", "{19131849-410B-4C79-9C46-6FE46915E315}"
EndProject
Project("{FAE04EC0-301F-11D3-BF4B-00C04F79EFBC}") = "UGRS.Core.SDK.DI", "UGRS.Core.SDK.DI\UGRS.Core.SDK.DI.csproj", "{909B9975-2B24-41EF-ABB0-D90B904D75DD}"
EndProject
Project("{FAE04EC0-301F-11D3-BF4B-00C04F79EFBC}") = "UGRS.Core.SDK.UI", "UGRS.Core.SDK.UI\UGRS.Core.SDK.UI.csproj", "{BAF4F5CB-2544-4451-B270-E66F74C3ED4A}"
EndProject
Project("{FAE04EC0-301F-11D3-BF4B-00C04F79EFBC}") = "UGRS.Core.SDK.DI.Purchases", "UGRS.Core.SDK.DI.Purchases\UGRS.Core.SDK.DI.Purchases.csproj", "{ADC835F8-B420-43ED-BB6D-21160958F19D}"
EndProject
Project("{FAE04EC0-301F-11D3-BF4B-00C04F79EFBC}") = "UGRS.AddOn.Machinery", "UGRS.AddOn.Machinery\UGRS.AddOn.Machinery.csproj", "{5ACDFA5C-8A52-44F1-9072-C29262A953A0}"
EndProject
Project("{FAE04EC0-301F-11D3-BF4B-00C04F79EFBC}") = "UGRS.Core.SDK.DI.Machinery", "UGRS.Core.SDK.DI.Machinery\UGRS.Core.SDK.DI.Machinery.csproj", "{D3D8AF44-E66F-4A0F-912D-92E2E8CB0228}"
EndProject
Project("{FAE04EC0-301F-11D3-BF4B-00C04F79EFBC}") = "UGRS.AddOn.Corrals", "UGRS.AddOn.Corrals\UGRS.AddOn.Corrals.csproj", "{3568FA0F-0A6F-498F-B9D2-8D7AAAC22DAD}"
EndProject
Project("{FAE04EC0-301F-11D3-BF4B-00C04F79EFBC}") = "UGRS.Core.SDK.DI.Corrals", "UGRS.Core.SDK.DI.Corrals\UGRS.Core.SDK.DI.Corrals.csproj", "{0D8CD61C-F095-4230-A6E0-A0CB4A5D09D5}"
EndProject
Project("{FAE04EC0-301F-11D3-BF4B-00C04F79EFBC}") = "UGRS.AddOn.Finances", "UGRS.AddOn.Finances\UGRS.AddOn.Finances.csproj", "{D128D0E4-A44E-4E38-AC2C-2BB7ADDD6286}"
	ProjectSection(ProjectDependencies) = postProject
		{19131849-410B-4C79-9C46-6FE46915E315} = {19131849-410B-4C79-9C46-6FE46915E315}
		{94ECC66F-57E7-4637-902D-2873CC636320} = {94ECC66F-57E7-4637-902D-2873CC636320}
		{909B9975-2B24-41EF-ABB0-D90B904D75DD} = {909B9975-2B24-41EF-ABB0-D90B904D75DD}
		{BAF4F5CB-2544-4451-B270-E66F74C3ED4A} = {BAF4F5CB-2544-4451-B270-E66F74C3ED4A}
	EndProjectSection
EndProject
Project("{FAE04EC0-301F-11D3-BF4B-00C04F79EFBC}") = "UGRS.Core.SDK.DI.Auctions", "UGRS.Core.SDK.DI.Auctions\UGRS.Core.SDK.DI.Auctions.csproj", "{295C4DB2-B7E4-44A9-8018-C55C746A4FD4}"
EndProject
Project("{FAE04EC0-301F-11D3-BF4B-00C04F79EFBC}") = "UGRS.AddOn.Auctions", "UGRS.AddOn.Auctions\UGRS.AddOn.Auctions.csproj", "{639133B6-1F60-40A7-8E6A-C04D18D14A75}"
EndProject
Project("{FAE04EC0-301F-11D3-BF4B-00C04F79EFBC}") = "UGRS.Core.SDK.DI.Finances", "UGRS.Core.SDK.DI.Finances\UGRS.Core.SDK.DI.Finances.csproj", "{2F7789D9-3D9A-45C7-BF4F-E436C8981212}"
EndProject
Project("{FAE04EC0-301F-11D3-BF4B-00C04F79EFBC}") = "UGRS.AddOn.CyC", "UGRS.AddOn.CyC\UGRS.AddOn.CyC.csproj", "{E15BD5F3-3671-4769-AD9D-76893518893F}"
EndProject
Project("{FAE04EC0-301F-11D3-BF4B-00C04F79EFBC}") = "UGRS.Core.SDK.DI.CyC", "UGRS.Core.SDK.DI.CyC\UGRS.Core.SDK.DI.CyC.csproj", "{51CB3B4B-9F8B-4B3E-A992-DD2C7887A3FE}"
EndProject
Project("{FAE04EC0-301F-11D3-BF4B-00C04F79EFBC}") = "UGRS.Reports.Auctions", "UGRS.Reports.Auctions\UGRS.Reports.Auctions.csproj", "{48FACCF7-0F37-4B43-9B2A-38DD6D60D573}"
EndProject
Project("{FAE04EC0-301F-11D3-BF4B-00C04F79EFBC}") = "UGRS.AddOn.Permissions", "UGRS.AddOn.Permissions\UGRS.AddOn.Permissions.csproj", "{A0914FC0-441B-4B25-904C-27C1AA3A795E}"
EndProject
Project("{FAE04EC0-301F-11D3-BF4B-00C04F79EFBC}") = "UGRS.Core.SDK.DI.Permissions", "UGRS.Core.SDK.DI.Permissions\UGRS.Core.SDK.DI.Permissions.csproj", "{FE7AA501-3817-4374-88EC-3E6AAB8F0F54}"
EndProject
Project("{FAE04EC0-301F-11D3-BF4B-00C04F79EFBC}") = "UGRS.AddOnFoodTransfer", "UGRS.AddOnFoodTransfer\UGRS.AddOnFoodTransfer.csproj", "{A77F6862-2DF5-4E61-AB70-2C33494F3C0E}"
EndProject
Project("{FAE04EC0-301F-11D3-BF4B-00C04F79EFBC}") = "UGRS.Core.SDK.DI.FoodTransfer", "UGRS.Core.SDK.DI.FoodTransfer\UGRS.Core.SDK.DI.FoodTransfer.csproj", "{668BF318-DCC6-47D3-9CF0-F4593B543E20}"
EndProject
Project("{FAE04EC0-301F-11D3-BF4B-00C04F79EFBC}") = "UGRS.Core.SDK.DI.FoodProduction", "UGRS.Core.SDK.DI.FoodProduction\UGRS.Core.SDK.DI.FoodProduction.csproj", "{F6025175-8CB5-410F-967B-7DE8379C9004}"
EndProject
Project("{FAE04EC0-301F-11D3-BF4B-00C04F79EFBC}") = "UGRS.AddOn.FoodProduction", "UGRS.AddOn.FoodProduction\UGRS.AddOn.FoodProduction.csproj", "{B4F4B477-6867-4A44-914E-89753E658C5F}"
EndProject
Project("{FAE04EC0-301F-11D3-BF4B-00C04F79EFBC}") = "UGRS.Object.WeighingMachine", "UGRS.Object.WeighingMachine\UGRS.Object.WeighingMachine.csproj", "{6214FEF9-9914-44C7-8A78-CF95C4FE58CE}"
EndProject
Project("{FAE04EC0-301F-11D3-BF4B-00C04F79EFBC}") = "UGRS.AddOn.Transports", "UGRS.AddOn.Transports\UGRS.AddOn.Transports.csproj", "{674AE35D-56ED-4A97-A06A-D70867EE2252}"
EndProject
Project("{FAE04EC0-301F-11D3-BF4B-00C04F79EFBC}") = "UGRS.Core.SDK.DI.Transports", "UGRS.Core.SDK.DI.Transports\UGRS.Core.SDK.DI.Transports.csproj", "{424E8669-7E3C-47C8-87E2-FB04B98BBF7C}"
EndProject
Project("{FAE04EC0-301F-11D3-BF4B-00C04F79EFBC}") = "UGRS.WebService.Permissions", "UGRS.WebService.Permissions\UGRS.WebService.Permissions.csproj", "{1A74D481-0BC1-4A9A-9DCB-F7FA5E35FDB6}"
EndProject
Project("{FAE04EC0-301F-11D3-BF4B-00C04F79EFBC}") = "UGRS.Core.SDK.DI.WebServicePermissions", "UGRS.Core.SDK.DI.WebService.Permissions\UGRS.Core.SDK.DI.WebServicePermissions.csproj", "{C3E06DD5-208D-4136-8E7B-F3FBD4E58082}"
EndProject
Project("{FAE04EC0-301F-11D3-BF4B-00C04F79EFBC}") = "UGRS.AddOn.AccountingAccounts", "UGRS.AddOn.AccountingAccounts\UGRS.AddOn.AccountingAccounts.csproj", "{7C82EC1E-1B52-4F0B-B402-DD2554D85071}"
EndProject
Project("{FAE04EC0-301F-11D3-BF4B-00C04F79EFBC}") = "UGRS.Core.SDK.DI.Expogan", "UGRS.Core.SDK.DI.Expogan\UGRS.Core.SDK.DI.Expogan.csproj", "{800D8931-8250-44BD-A813-1E3E84B8C28D}"
EndProject
Project("{FAE04EC0-301F-11D3-BF4B-00C04F79EFBC}") = "UGRS.AddOnn.Expogan", "UGRS.AddOnn.Expogan\UGRS.AddOnn.Expogan.csproj", "{E167DCB1-4846-4530-B2E0-24F14DE57C5F}"
EndProject
Global
	GlobalSection(SolutionConfigurationPlatforms) = preSolution
		Debug|Any CPU = Debug|Any CPU
		Debug|Mixed Platforms = Debug|Mixed Platforms
		Debug|x64 = Debug|x64
		Debug|x86 = Debug|x86
		Release|Any CPU = Release|Any CPU
		Release|Mixed Platforms = Release|Mixed Platforms
		Release|x64 = Release|x64
		Release|x86 = Release|x86
	EndGlobalSection
	GlobalSection(ProjectConfigurationPlatforms) = postSolution
		{A0FAB258-4B6C-43C4-976D-3017959AD58C}.Debug|Any CPU.ActiveCfg = Debug|Any CPU
		{A0FAB258-4B6C-43C4-976D-3017959AD58C}.Debug|Any CPU.Build.0 = Debug|Any CPU
		{A0FAB258-4B6C-43C4-976D-3017959AD58C}.Debug|Mixed Platforms.ActiveCfg = Debug|x86
		{A0FAB258-4B6C-43C4-976D-3017959AD58C}.Debug|Mixed Platforms.Build.0 = Debug|x86
		{A0FAB258-4B6C-43C4-976D-3017959AD58C}.Debug|x64.ActiveCfg = Debug|x64
		{A0FAB258-4B6C-43C4-976D-3017959AD58C}.Debug|x64.Build.0 = Debug|x64
		{A0FAB258-4B6C-43C4-976D-3017959AD58C}.Debug|x86.ActiveCfg = Debug|x86
		{A0FAB258-4B6C-43C4-976D-3017959AD58C}.Debug|x86.Build.0 = Debug|x86
		{A0FAB258-4B6C-43C4-976D-3017959AD58C}.Release|Any CPU.ActiveCfg = Release|Any CPU
		{A0FAB258-4B6C-43C4-976D-3017959AD58C}.Release|Any CPU.Build.0 = Release|Any CPU
		{A0FAB258-4B6C-43C4-976D-3017959AD58C}.Release|Mixed Platforms.ActiveCfg = Release|x86
		{A0FAB258-4B6C-43C4-976D-3017959AD58C}.Release|Mixed Platforms.Build.0 = Release|x86
		{A0FAB258-4B6C-43C4-976D-3017959AD58C}.Release|x64.ActiveCfg = Release|x64
		{A0FAB258-4B6C-43C4-976D-3017959AD58C}.Release|x64.Build.0 = Release|x64
		{A0FAB258-4B6C-43C4-976D-3017959AD58C}.Release|x86.ActiveCfg = Release|x86
		{A0FAB258-4B6C-43C4-976D-3017959AD58C}.Release|x86.Build.0 = Release|x86
		{94ECC66F-57E7-4637-902D-2873CC636320}.Debug|Any CPU.ActiveCfg = Debug|Any CPU
		{94ECC66F-57E7-4637-902D-2873CC636320}.Debug|Any CPU.Build.0 = Debug|Any CPU
		{94ECC66F-57E7-4637-902D-2873CC636320}.Debug|Mixed Platforms.ActiveCfg = Debug|x86
		{94ECC66F-57E7-4637-902D-2873CC636320}.Debug|Mixed Platforms.Build.0 = Debug|x86
		{94ECC66F-57E7-4637-902D-2873CC636320}.Debug|x64.ActiveCfg = Debug|x64
		{94ECC66F-57E7-4637-902D-2873CC636320}.Debug|x64.Build.0 = Debug|x64
		{94ECC66F-57E7-4637-902D-2873CC636320}.Debug|x86.ActiveCfg = Debug|x86
		{94ECC66F-57E7-4637-902D-2873CC636320}.Debug|x86.Build.0 = Debug|x86
		{94ECC66F-57E7-4637-902D-2873CC636320}.Release|Any CPU.ActiveCfg = Release|Any CPU
		{94ECC66F-57E7-4637-902D-2873CC636320}.Release|Any CPU.Build.0 = Release|Any CPU
		{94ECC66F-57E7-4637-902D-2873CC636320}.Release|Mixed Platforms.ActiveCfg = Release|x86
		{94ECC66F-57E7-4637-902D-2873CC636320}.Release|Mixed Platforms.Build.0 = Release|x86
		{94ECC66F-57E7-4637-902D-2873CC636320}.Release|x64.ActiveCfg = Release|x64
		{94ECC66F-57E7-4637-902D-2873CC636320}.Release|x64.Build.0 = Release|x64
		{94ECC66F-57E7-4637-902D-2873CC636320}.Release|x86.ActiveCfg = Release|x86
		{94ECC66F-57E7-4637-902D-2873CC636320}.Release|x86.Build.0 = Release|x86
		{19131849-410B-4C79-9C46-6FE46915E315}.Debug|Any CPU.ActiveCfg = Debug|Any CPU
		{19131849-410B-4C79-9C46-6FE46915E315}.Debug|Any CPU.Build.0 = Debug|Any CPU
		{19131849-410B-4C79-9C46-6FE46915E315}.Debug|Mixed Platforms.ActiveCfg = Debug|x86
		{19131849-410B-4C79-9C46-6FE46915E315}.Debug|Mixed Platforms.Build.0 = Debug|x86
		{19131849-410B-4C79-9C46-6FE46915E315}.Debug|x64.ActiveCfg = Debug|x64
		{19131849-410B-4C79-9C46-6FE46915E315}.Debug|x64.Build.0 = Debug|x64
		{19131849-410B-4C79-9C46-6FE46915E315}.Debug|x86.ActiveCfg = Debug|x86
		{19131849-410B-4C79-9C46-6FE46915E315}.Debug|x86.Build.0 = Debug|x86
		{19131849-410B-4C79-9C46-6FE46915E315}.Release|Any CPU.ActiveCfg = Release|Any CPU
		{19131849-410B-4C79-9C46-6FE46915E315}.Release|Any CPU.Build.0 = Release|Any CPU
		{19131849-410B-4C79-9C46-6FE46915E315}.Release|Mixed Platforms.ActiveCfg = Release|x86
		{19131849-410B-4C79-9C46-6FE46915E315}.Release|Mixed Platforms.Build.0 = Release|x86
		{19131849-410B-4C79-9C46-6FE46915E315}.Release|x64.ActiveCfg = Release|x64
		{19131849-410B-4C79-9C46-6FE46915E315}.Release|x64.Build.0 = Release|x64
		{19131849-410B-4C79-9C46-6FE46915E315}.Release|x86.ActiveCfg = Release|x86
		{19131849-410B-4C79-9C46-6FE46915E315}.Release|x86.Build.0 = Release|x86
		{909B9975-2B24-41EF-ABB0-D90B904D75DD}.Debug|Any CPU.ActiveCfg = Debug|Any CPU
		{909B9975-2B24-41EF-ABB0-D90B904D75DD}.Debug|Any CPU.Build.0 = Debug|Any CPU
		{909B9975-2B24-41EF-ABB0-D90B904D75DD}.Debug|Mixed Platforms.ActiveCfg = Debug|x86
		{909B9975-2B24-41EF-ABB0-D90B904D75DD}.Debug|Mixed Platforms.Build.0 = Debug|x86
		{909B9975-2B24-41EF-ABB0-D90B904D75DD}.Debug|x64.ActiveCfg = Debug|x64
		{909B9975-2B24-41EF-ABB0-D90B904D75DD}.Debug|x64.Build.0 = Debug|x64
		{909B9975-2B24-41EF-ABB0-D90B904D75DD}.Debug|x86.ActiveCfg = Debug|x86
		{909B9975-2B24-41EF-ABB0-D90B904D75DD}.Debug|x86.Build.0 = Debug|x86
		{909B9975-2B24-41EF-ABB0-D90B904D75DD}.Release|Any CPU.ActiveCfg = Release|Any CPU
		{909B9975-2B24-41EF-ABB0-D90B904D75DD}.Release|Any CPU.Build.0 = Release|Any CPU
		{909B9975-2B24-41EF-ABB0-D90B904D75DD}.Release|Mixed Platforms.ActiveCfg = Release|x86
		{909B9975-2B24-41EF-ABB0-D90B904D75DD}.Release|Mixed Platforms.Build.0 = Release|x86
		{909B9975-2B24-41EF-ABB0-D90B904D75DD}.Release|x64.ActiveCfg = Release|x64
		{909B9975-2B24-41EF-ABB0-D90B904D75DD}.Release|x64.Build.0 = Release|x64
		{909B9975-2B24-41EF-ABB0-D90B904D75DD}.Release|x86.ActiveCfg = Release|x86
		{909B9975-2B24-41EF-ABB0-D90B904D75DD}.Release|x86.Build.0 = Release|x86
		{BAF4F5CB-2544-4451-B270-E66F74C3ED4A}.Debug|Any CPU.ActiveCfg = Debug|Any CPU
		{BAF4F5CB-2544-4451-B270-E66F74C3ED4A}.Debug|Any CPU.Build.0 = Debug|Any CPU
		{BAF4F5CB-2544-4451-B270-E66F74C3ED4A}.Debug|Mixed Platforms.ActiveCfg = Debug|x86
		{BAF4F5CB-2544-4451-B270-E66F74C3ED4A}.Debug|Mixed Platforms.Build.0 = Debug|x86
		{BAF4F5CB-2544-4451-B270-E66F74C3ED4A}.Debug|x64.ActiveCfg = Debug|x64
		{BAF4F5CB-2544-4451-B270-E66F74C3ED4A}.Debug|x64.Build.0 = Debug|x64
		{BAF4F5CB-2544-4451-B270-E66F74C3ED4A}.Debug|x86.ActiveCfg = Debug|x86
		{BAF4F5CB-2544-4451-B270-E66F74C3ED4A}.Debug|x86.Build.0 = Debug|x86
		{BAF4F5CB-2544-4451-B270-E66F74C3ED4A}.Release|Any CPU.ActiveCfg = Release|Any CPU
		{BAF4F5CB-2544-4451-B270-E66F74C3ED4A}.Release|Any CPU.Build.0 = Release|Any CPU
		{BAF4F5CB-2544-4451-B270-E66F74C3ED4A}.Release|Mixed Platforms.ActiveCfg = Release|x86
		{BAF4F5CB-2544-4451-B270-E66F74C3ED4A}.Release|Mixed Platforms.Build.0 = Release|x86
		{BAF4F5CB-2544-4451-B270-E66F74C3ED4A}.Release|x64.ActiveCfg = Release|x64
		{BAF4F5CB-2544-4451-B270-E66F74C3ED4A}.Release|x64.Build.0 = Release|x64
		{BAF4F5CB-2544-4451-B270-E66F74C3ED4A}.Release|x86.ActiveCfg = Release|x86
		{BAF4F5CB-2544-4451-B270-E66F74C3ED4A}.Release|x86.Build.0 = Release|x86
		{ADC835F8-B420-43ED-BB6D-21160958F19D}.Debug|Any CPU.ActiveCfg = Debug|Any CPU
		{ADC835F8-B420-43ED-BB6D-21160958F19D}.Debug|Any CPU.Build.0 = Debug|Any CPU
		{ADC835F8-B420-43ED-BB6D-21160958F19D}.Debug|Mixed Platforms.ActiveCfg = Debug|x86
		{ADC835F8-B420-43ED-BB6D-21160958F19D}.Debug|Mixed Platforms.Build.0 = Debug|x86
		{ADC835F8-B420-43ED-BB6D-21160958F19D}.Debug|x64.ActiveCfg = Debug|x64
		{ADC835F8-B420-43ED-BB6D-21160958F19D}.Debug|x64.Build.0 = Debug|x64
		{ADC835F8-B420-43ED-BB6D-21160958F19D}.Debug|x86.ActiveCfg = Debug|x86
		{ADC835F8-B420-43ED-BB6D-21160958F19D}.Debug|x86.Build.0 = Debug|x86
		{ADC835F8-B420-43ED-BB6D-21160958F19D}.Release|Any CPU.ActiveCfg = Release|Any CPU
		{ADC835F8-B420-43ED-BB6D-21160958F19D}.Release|Any CPU.Build.0 = Release|Any CPU
		{ADC835F8-B420-43ED-BB6D-21160958F19D}.Release|Mixed Platforms.ActiveCfg = Release|x86
		{ADC835F8-B420-43ED-BB6D-21160958F19D}.Release|Mixed Platforms.Build.0 = Release|x86
		{ADC835F8-B420-43ED-BB6D-21160958F19D}.Release|x64.ActiveCfg = Release|x64
		{ADC835F8-B420-43ED-BB6D-21160958F19D}.Release|x64.Build.0 = Release|x64
		{ADC835F8-B420-43ED-BB6D-21160958F19D}.Release|x86.ActiveCfg = Release|x86
		{ADC835F8-B420-43ED-BB6D-21160958F19D}.Release|x86.Build.0 = Release|x86
		{5ACDFA5C-8A52-44F1-9072-C29262A953A0}.Debug|Any CPU.ActiveCfg = Debug|Any CPU
		{5ACDFA5C-8A52-44F1-9072-C29262A953A0}.Debug|Any CPU.Build.0 = Debug|Any CPU
		{5ACDFA5C-8A52-44F1-9072-C29262A953A0}.Debug|Mixed Platforms.ActiveCfg = Debug|x86
		{5ACDFA5C-8A52-44F1-9072-C29262A953A0}.Debug|Mixed Platforms.Build.0 = Debug|x86
		{5ACDFA5C-8A52-44F1-9072-C29262A953A0}.Debug|x64.ActiveCfg = Debug|x64
		{5ACDFA5C-8A52-44F1-9072-C29262A953A0}.Debug|x64.Build.0 = Debug|x64
		{5ACDFA5C-8A52-44F1-9072-C29262A953A0}.Debug|x86.ActiveCfg = Debug|x86
		{5ACDFA5C-8A52-44F1-9072-C29262A953A0}.Debug|x86.Build.0 = Debug|x86
		{5ACDFA5C-8A52-44F1-9072-C29262A953A0}.Release|Any CPU.ActiveCfg = Release|Any CPU
		{5ACDFA5C-8A52-44F1-9072-C29262A953A0}.Release|Any CPU.Build.0 = Release|Any CPU
		{5ACDFA5C-8A52-44F1-9072-C29262A953A0}.Release|Mixed Platforms.ActiveCfg = Release|x86
		{5ACDFA5C-8A52-44F1-9072-C29262A953A0}.Release|Mixed Platforms.Build.0 = Release|x86
		{5ACDFA5C-8A52-44F1-9072-C29262A953A0}.Release|x64.ActiveCfg = Release|x64
		{5ACDFA5C-8A52-44F1-9072-C29262A953A0}.Release|x64.Build.0 = Release|x64
		{5ACDFA5C-8A52-44F1-9072-C29262A953A0}.Release|x86.ActiveCfg = Release|x86
		{5ACDFA5C-8A52-44F1-9072-C29262A953A0}.Release|x86.Build.0 = Release|x86
		{D3D8AF44-E66F-4A0F-912D-92E2E8CB0228}.Debug|Any CPU.ActiveCfg = Debug|Any CPU
		{D3D8AF44-E66F-4A0F-912D-92E2E8CB0228}.Debug|Any CPU.Build.0 = Debug|Any CPU
		{D3D8AF44-E66F-4A0F-912D-92E2E8CB0228}.Debug|Mixed Platforms.ActiveCfg = Debug|x86
		{D3D8AF44-E66F-4A0F-912D-92E2E8CB0228}.Debug|Mixed Platforms.Build.0 = Debug|x86
		{D3D8AF44-E66F-4A0F-912D-92E2E8CB0228}.Debug|x64.ActiveCfg = Debug|x64
		{D3D8AF44-E66F-4A0F-912D-92E2E8CB0228}.Debug|x64.Build.0 = Debug|x64
		{D3D8AF44-E66F-4A0F-912D-92E2E8CB0228}.Debug|x86.ActiveCfg = Debug|x86
		{D3D8AF44-E66F-4A0F-912D-92E2E8CB0228}.Debug|x86.Build.0 = Debug|x86
		{D3D8AF44-E66F-4A0F-912D-92E2E8CB0228}.Release|Any CPU.ActiveCfg = Release|Any CPU
		{D3D8AF44-E66F-4A0F-912D-92E2E8CB0228}.Release|Any CPU.Build.0 = Release|Any CPU
		{D3D8AF44-E66F-4A0F-912D-92E2E8CB0228}.Release|Mixed Platforms.ActiveCfg = Release|x86
		{D3D8AF44-E66F-4A0F-912D-92E2E8CB0228}.Release|Mixed Platforms.Build.0 = Release|x86
		{D3D8AF44-E66F-4A0F-912D-92E2E8CB0228}.Release|x64.ActiveCfg = Release|x64
		{D3D8AF44-E66F-4A0F-912D-92E2E8CB0228}.Release|x64.Build.0 = Release|x64
		{D3D8AF44-E66F-4A0F-912D-92E2E8CB0228}.Release|x86.ActiveCfg = Release|x86
		{D3D8AF44-E66F-4A0F-912D-92E2E8CB0228}.Release|x86.Build.0 = Release|x86
		{3568FA0F-0A6F-498F-B9D2-8D7AAAC22DAD}.Debug|Any CPU.ActiveCfg = Debug|Any CPU
		{3568FA0F-0A6F-498F-B9D2-8D7AAAC22DAD}.Debug|Any CPU.Build.0 = Debug|Any CPU
		{3568FA0F-0A6F-498F-B9D2-8D7AAAC22DAD}.Debug|Mixed Platforms.ActiveCfg = Debug|x86
		{3568FA0F-0A6F-498F-B9D2-8D7AAAC22DAD}.Debug|Mixed Platforms.Build.0 = Debug|x86
		{3568FA0F-0A6F-498F-B9D2-8D7AAAC22DAD}.Debug|x64.ActiveCfg = Debug|x64
		{3568FA0F-0A6F-498F-B9D2-8D7AAAC22DAD}.Debug|x64.Build.0 = Debug|x64
		{3568FA0F-0A6F-498F-B9D2-8D7AAAC22DAD}.Debug|x86.ActiveCfg = Debug|x86
		{3568FA0F-0A6F-498F-B9D2-8D7AAAC22DAD}.Debug|x86.Build.0 = Debug|x86
		{3568FA0F-0A6F-498F-B9D2-8D7AAAC22DAD}.Release|Any CPU.ActiveCfg = Release|Any CPU
		{3568FA0F-0A6F-498F-B9D2-8D7AAAC22DAD}.Release|Any CPU.Build.0 = Release|Any CPU
		{3568FA0F-0A6F-498F-B9D2-8D7AAAC22DAD}.Release|Mixed Platforms.ActiveCfg = Release|x86
		{3568FA0F-0A6F-498F-B9D2-8D7AAAC22DAD}.Release|Mixed Platforms.Build.0 = Release|x86
		{3568FA0F-0A6F-498F-B9D2-8D7AAAC22DAD}.Release|x64.ActiveCfg = Release|x64
		{3568FA0F-0A6F-498F-B9D2-8D7AAAC22DAD}.Release|x64.Build.0 = Release|x64
		{3568FA0F-0A6F-498F-B9D2-8D7AAAC22DAD}.Release|x86.ActiveCfg = Release|x86
		{3568FA0F-0A6F-498F-B9D2-8D7AAAC22DAD}.Release|x86.Build.0 = Release|x86
		{0D8CD61C-F095-4230-A6E0-A0CB4A5D09D5}.Debug|Any CPU.ActiveCfg = Debug|Any CPU
		{0D8CD61C-F095-4230-A6E0-A0CB4A5D09D5}.Debug|Any CPU.Build.0 = Debug|Any CPU
		{0D8CD61C-F095-4230-A6E0-A0CB4A5D09D5}.Debug|Mixed Platforms.ActiveCfg = Debug|x86
		{0D8CD61C-F095-4230-A6E0-A0CB4A5D09D5}.Debug|Mixed Platforms.Build.0 = Debug|x86
		{0D8CD61C-F095-4230-A6E0-A0CB4A5D09D5}.Debug|x64.ActiveCfg = Debug|x64
		{0D8CD61C-F095-4230-A6E0-A0CB4A5D09D5}.Debug|x64.Build.0 = Debug|x64
		{0D8CD61C-F095-4230-A6E0-A0CB4A5D09D5}.Debug|x86.ActiveCfg = Debug|x86
		{0D8CD61C-F095-4230-A6E0-A0CB4A5D09D5}.Debug|x86.Build.0 = Debug|x86
		{0D8CD61C-F095-4230-A6E0-A0CB4A5D09D5}.Release|Any CPU.ActiveCfg = Release|Any CPU
		{0D8CD61C-F095-4230-A6E0-A0CB4A5D09D5}.Release|Any CPU.Build.0 = Release|Any CPU
		{0D8CD61C-F095-4230-A6E0-A0CB4A5D09D5}.Release|Mixed Platforms.ActiveCfg = Release|x86
		{0D8CD61C-F095-4230-A6E0-A0CB4A5D09D5}.Release|Mixed Platforms.Build.0 = Release|x86
		{0D8CD61C-F095-4230-A6E0-A0CB4A5D09D5}.Release|x64.ActiveCfg = Release|x64
		{0D8CD61C-F095-4230-A6E0-A0CB4A5D09D5}.Release|x64.Build.0 = Release|x64
		{0D8CD61C-F095-4230-A6E0-A0CB4A5D09D5}.Release|x86.ActiveCfg = Release|x86
		{0D8CD61C-F095-4230-A6E0-A0CB4A5D09D5}.Release|x86.Build.0 = Release|x86
		{D128D0E4-A44E-4E38-AC2C-2BB7ADDD6286}.Debug|Any CPU.ActiveCfg = Debug|Any CPU
		{D128D0E4-A44E-4E38-AC2C-2BB7ADDD6286}.Debug|Any CPU.Build.0 = Debug|Any CPU
		{D128D0E4-A44E-4E38-AC2C-2BB7ADDD6286}.Debug|Mixed Platforms.ActiveCfg = Debug|x86
		{D128D0E4-A44E-4E38-AC2C-2BB7ADDD6286}.Debug|Mixed Platforms.Build.0 = Debug|x86
		{D128D0E4-A44E-4E38-AC2C-2BB7ADDD6286}.Debug|x64.ActiveCfg = Debug|x64
		{D128D0E4-A44E-4E38-AC2C-2BB7ADDD6286}.Debug|x64.Build.0 = Debug|x64
		{D128D0E4-A44E-4E38-AC2C-2BB7ADDD6286}.Debug|x86.ActiveCfg = Debug|x86
		{D128D0E4-A44E-4E38-AC2C-2BB7ADDD6286}.Debug|x86.Build.0 = Debug|x86
		{D128D0E4-A44E-4E38-AC2C-2BB7ADDD6286}.Release|Any CPU.ActiveCfg = Release|Any CPU
		{D128D0E4-A44E-4E38-AC2C-2BB7ADDD6286}.Release|Any CPU.Build.0 = Release|Any CPU
		{D128D0E4-A44E-4E38-AC2C-2BB7ADDD6286}.Release|Mixed Platforms.ActiveCfg = Release|x86
		{D128D0E4-A44E-4E38-AC2C-2BB7ADDD6286}.Release|Mixed Platforms.Build.0 = Release|x86
		{D128D0E4-A44E-4E38-AC2C-2BB7ADDD6286}.Release|x64.ActiveCfg = Release|x64
		{D128D0E4-A44E-4E38-AC2C-2BB7ADDD6286}.Release|x64.Build.0 = Release|x64
		{D128D0E4-A44E-4E38-AC2C-2BB7ADDD6286}.Release|x86.ActiveCfg = Release|x86
		{D128D0E4-A44E-4E38-AC2C-2BB7ADDD6286}.Release|x86.Build.0 = Release|x86
		{295C4DB2-B7E4-44A9-8018-C55C746A4FD4}.Debug|Any CPU.ActiveCfg = Debug|Any CPU
		{295C4DB2-B7E4-44A9-8018-C55C746A4FD4}.Debug|Any CPU.Build.0 = Debug|Any CPU
		{295C4DB2-B7E4-44A9-8018-C55C746A4FD4}.Debug|Mixed Platforms.ActiveCfg = Debug|x86
		{295C4DB2-B7E4-44A9-8018-C55C746A4FD4}.Debug|Mixed Platforms.Build.0 = Debug|x86
		{295C4DB2-B7E4-44A9-8018-C55C746A4FD4}.Debug|x64.ActiveCfg = Debug|x64
		{295C4DB2-B7E4-44A9-8018-C55C746A4FD4}.Debug|x64.Build.0 = Debug|x64
		{295C4DB2-B7E4-44A9-8018-C55C746A4FD4}.Debug|x86.ActiveCfg = Debug|x86
		{295C4DB2-B7E4-44A9-8018-C55C746A4FD4}.Debug|x86.Build.0 = Debug|x86
		{295C4DB2-B7E4-44A9-8018-C55C746A4FD4}.Release|Any CPU.ActiveCfg = Release|Any CPU
		{295C4DB2-B7E4-44A9-8018-C55C746A4FD4}.Release|Any CPU.Build.0 = Release|Any CPU
		{295C4DB2-B7E4-44A9-8018-C55C746A4FD4}.Release|Mixed Platforms.ActiveCfg = Release|x86
		{295C4DB2-B7E4-44A9-8018-C55C746A4FD4}.Release|Mixed Platforms.Build.0 = Release|x86
		{295C4DB2-B7E4-44A9-8018-C55C746A4FD4}.Release|x64.ActiveCfg = Release|x64
		{295C4DB2-B7E4-44A9-8018-C55C746A4FD4}.Release|x64.Build.0 = Release|x64
		{295C4DB2-B7E4-44A9-8018-C55C746A4FD4}.Release|x86.ActiveCfg = Release|x86
		{295C4DB2-B7E4-44A9-8018-C55C746A4FD4}.Release|x86.Build.0 = Release|x86
		{639133B6-1F60-40A7-8E6A-C04D18D14A75}.Debug|Any CPU.ActiveCfg = Debug|Any CPU
		{639133B6-1F60-40A7-8E6A-C04D18D14A75}.Debug|Any CPU.Build.0 = Debug|Any CPU
		{639133B6-1F60-40A7-8E6A-C04D18D14A75}.Debug|Mixed Platforms.ActiveCfg = Debug|x86
		{639133B6-1F60-40A7-8E6A-C04D18D14A75}.Debug|Mixed Platforms.Build.0 = Debug|x86
		{639133B6-1F60-40A7-8E6A-C04D18D14A75}.Debug|x64.ActiveCfg = Debug|x64
		{639133B6-1F60-40A7-8E6A-C04D18D14A75}.Debug|x64.Build.0 = Debug|x64
		{639133B6-1F60-40A7-8E6A-C04D18D14A75}.Debug|x86.ActiveCfg = Debug|x86
		{639133B6-1F60-40A7-8E6A-C04D18D14A75}.Debug|x86.Build.0 = Debug|x86
		{639133B6-1F60-40A7-8E6A-C04D18D14A75}.Release|Any CPU.ActiveCfg = Release|Any CPU
		{639133B6-1F60-40A7-8E6A-C04D18D14A75}.Release|Any CPU.Build.0 = Release|Any CPU
		{639133B6-1F60-40A7-8E6A-C04D18D14A75}.Release|Mixed Platforms.ActiveCfg = Release|x86
		{639133B6-1F60-40A7-8E6A-C04D18D14A75}.Release|Mixed Platforms.Build.0 = Release|x86
		{639133B6-1F60-40A7-8E6A-C04D18D14A75}.Release|x64.ActiveCfg = Release|x64
		{639133B6-1F60-40A7-8E6A-C04D18D14A75}.Release|x64.Build.0 = Release|x64
		{639133B6-1F60-40A7-8E6A-C04D18D14A75}.Release|x86.ActiveCfg = Release|x86
		{639133B6-1F60-40A7-8E6A-C04D18D14A75}.Release|x86.Build.0 = Release|x86
		{2F7789D9-3D9A-45C7-BF4F-E436C8981212}.Debug|Any CPU.ActiveCfg = Debug|Any CPU
		{2F7789D9-3D9A-45C7-BF4F-E436C8981212}.Debug|Any CPU.Build.0 = Debug|Any CPU
		{2F7789D9-3D9A-45C7-BF4F-E436C8981212}.Debug|Mixed Platforms.ActiveCfg = Debug|x86
		{2F7789D9-3D9A-45C7-BF4F-E436C8981212}.Debug|Mixed Platforms.Build.0 = Debug|x86
		{2F7789D9-3D9A-45C7-BF4F-E436C8981212}.Debug|x64.ActiveCfg = Debug|x64
		{2F7789D9-3D9A-45C7-BF4F-E436C8981212}.Debug|x64.Build.0 = Debug|x64
		{2F7789D9-3D9A-45C7-BF4F-E436C8981212}.Debug|x86.ActiveCfg = Debug|x86
		{2F7789D9-3D9A-45C7-BF4F-E436C8981212}.Debug|x86.Build.0 = Debug|x86
		{2F7789D9-3D9A-45C7-BF4F-E436C8981212}.Release|Any CPU.ActiveCfg = Release|Any CPU
		{2F7789D9-3D9A-45C7-BF4F-E436C8981212}.Release|Any CPU.Build.0 = Release|Any CPU
		{2F7789D9-3D9A-45C7-BF4F-E436C8981212}.Release|Mixed Platforms.ActiveCfg = Release|x86
		{2F7789D9-3D9A-45C7-BF4F-E436C8981212}.Release|Mixed Platforms.Build.0 = Release|x86
		{2F7789D9-3D9A-45C7-BF4F-E436C8981212}.Release|x64.ActiveCfg = Release|x64
		{2F7789D9-3D9A-45C7-BF4F-E436C8981212}.Release|x64.Build.0 = Release|x64
		{2F7789D9-3D9A-45C7-BF4F-E436C8981212}.Release|x86.ActiveCfg = Release|x86
		{2F7789D9-3D9A-45C7-BF4F-E436C8981212}.Release|x86.Build.0 = Release|x86
		{E15BD5F3-3671-4769-AD9D-76893518893F}.Debug|Any CPU.ActiveCfg = Debug|Any CPU
		{E15BD5F3-3671-4769-AD9D-76893518893F}.Debug|Any CPU.Build.0 = Debug|Any CPU
		{E15BD5F3-3671-4769-AD9D-76893518893F}.Debug|Mixed Platforms.ActiveCfg = Debug|x86
		{E15BD5F3-3671-4769-AD9D-76893518893F}.Debug|Mixed Platforms.Build.0 = Debug|x86
		{E15BD5F3-3671-4769-AD9D-76893518893F}.Debug|x64.ActiveCfg = Debug|x64
		{E15BD5F3-3671-4769-AD9D-76893518893F}.Debug|x64.Build.0 = Debug|x64
		{E15BD5F3-3671-4769-AD9D-76893518893F}.Debug|x86.ActiveCfg = Debug|x86
		{E15BD5F3-3671-4769-AD9D-76893518893F}.Debug|x86.Build.0 = Debug|x86
		{E15BD5F3-3671-4769-AD9D-76893518893F}.Release|Any CPU.ActiveCfg = Release|Any CPU
		{E15BD5F3-3671-4769-AD9D-76893518893F}.Release|Any CPU.Build.0 = Release|Any CPU
		{E15BD5F3-3671-4769-AD9D-76893518893F}.Release|Mixed Platforms.ActiveCfg = Release|x86
		{E15BD5F3-3671-4769-AD9D-76893518893F}.Release|Mixed Platforms.Build.0 = Release|x86
		{E15BD5F3-3671-4769-AD9D-76893518893F}.Release|x64.ActiveCfg = Release|x64
		{E15BD5F3-3671-4769-AD9D-76893518893F}.Release|x64.Build.0 = Release|x64
		{E15BD5F3-3671-4769-AD9D-76893518893F}.Release|x86.ActiveCfg = Release|x86
		{E15BD5F3-3671-4769-AD9D-76893518893F}.Release|x86.Build.0 = Release|x86
		{51CB3B4B-9F8B-4B3E-A992-DD2C7887A3FE}.Debug|Any CPU.ActiveCfg = Debug|Any CPU
		{51CB3B4B-9F8B-4B3E-A992-DD2C7887A3FE}.Debug|Any CPU.Build.0 = Debug|Any CPU
		{51CB3B4B-9F8B-4B3E-A992-DD2C7887A3FE}.Debug|Mixed Platforms.ActiveCfg = Debug|x86
		{51CB3B4B-9F8B-4B3E-A992-DD2C7887A3FE}.Debug|Mixed Platforms.Build.0 = Debug|x86
		{51CB3B4B-9F8B-4B3E-A992-DD2C7887A3FE}.Debug|x64.ActiveCfg = Debug|x64
		{51CB3B4B-9F8B-4B3E-A992-DD2C7887A3FE}.Debug|x64.Build.0 = Debug|x64
		{51CB3B4B-9F8B-4B3E-A992-DD2C7887A3FE}.Debug|x86.ActiveCfg = Debug|x86
		{51CB3B4B-9F8B-4B3E-A992-DD2C7887A3FE}.Debug|x86.Build.0 = Debug|x86
		{51CB3B4B-9F8B-4B3E-A992-DD2C7887A3FE}.Release|Any CPU.ActiveCfg = Release|Any CPU
		{51CB3B4B-9F8B-4B3E-A992-DD2C7887A3FE}.Release|Any CPU.Build.0 = Release|Any CPU
		{51CB3B4B-9F8B-4B3E-A992-DD2C7887A3FE}.Release|Mixed Platforms.ActiveCfg = Release|x86
		{51CB3B4B-9F8B-4B3E-A992-DD2C7887A3FE}.Release|Mixed Platforms.Build.0 = Release|x86
		{51CB3B4B-9F8B-4B3E-A992-DD2C7887A3FE}.Release|x64.ActiveCfg = Release|x64
		{51CB3B4B-9F8B-4B3E-A992-DD2C7887A3FE}.Release|x64.Build.0 = Release|x64
		{51CB3B4B-9F8B-4B3E-A992-DD2C7887A3FE}.Release|x86.ActiveCfg = Release|x86
		{51CB3B4B-9F8B-4B3E-A992-DD2C7887A3FE}.Release|x86.Build.0 = Release|x86
		{48FACCF7-0F37-4B43-9B2A-38DD6D60D573}.Debug|Any CPU.ActiveCfg = Debug|Any CPU
		{48FACCF7-0F37-4B43-9B2A-38DD6D60D573}.Debug|Any CPU.Build.0 = Debug|Any CPU
		{48FACCF7-0F37-4B43-9B2A-38DD6D60D573}.Debug|Mixed Platforms.ActiveCfg = Debug|x86
		{48FACCF7-0F37-4B43-9B2A-38DD6D60D573}.Debug|Mixed Platforms.Build.0 = Debug|x86
		{48FACCF7-0F37-4B43-9B2A-38DD6D60D573}.Debug|x64.ActiveCfg = Debug|x64
		{48FACCF7-0F37-4B43-9B2A-38DD6D60D573}.Debug|x64.Build.0 = Debug|x64
		{48FACCF7-0F37-4B43-9B2A-38DD6D60D573}.Debug|x86.ActiveCfg = Debug|x86
		{48FACCF7-0F37-4B43-9B2A-38DD6D60D573}.Debug|x86.Build.0 = Debug|x86
		{48FACCF7-0F37-4B43-9B2A-38DD6D60D573}.Release|Any CPU.ActiveCfg = Release|Any CPU
		{48FACCF7-0F37-4B43-9B2A-38DD6D60D573}.Release|Any CPU.Build.0 = Release|Any CPU
		{48FACCF7-0F37-4B43-9B2A-38DD6D60D573}.Release|Mixed Platforms.ActiveCfg = Release|x86
		{48FACCF7-0F37-4B43-9B2A-38DD6D60D573}.Release|Mixed Platforms.Build.0 = Release|x86
		{48FACCF7-0F37-4B43-9B2A-38DD6D60D573}.Release|x64.ActiveCfg = Release|x64
		{48FACCF7-0F37-4B43-9B2A-38DD6D60D573}.Release|x64.Build.0 = Release|x64
		{48FACCF7-0F37-4B43-9B2A-38DD6D60D573}.Release|x86.ActiveCfg = Release|x86
		{48FACCF7-0F37-4B43-9B2A-38DD6D60D573}.Release|x86.Build.0 = Release|x86
		{A0914FC0-441B-4B25-904C-27C1AA3A795E}.Debug|Any CPU.ActiveCfg = Debug|Any CPU
		{A0914FC0-441B-4B25-904C-27C1AA3A795E}.Debug|Any CPU.Build.0 = Debug|Any CPU
		{A0914FC0-441B-4B25-904C-27C1AA3A795E}.Debug|Mixed Platforms.ActiveCfg = Debug|x86
		{A0914FC0-441B-4B25-904C-27C1AA3A795E}.Debug|Mixed Platforms.Build.0 = Debug|x86
		{A0914FC0-441B-4B25-904C-27C1AA3A795E}.Debug|x64.ActiveCfg = Debug|x64
		{A0914FC0-441B-4B25-904C-27C1AA3A795E}.Debug|x64.Build.0 = Debug|x64
		{A0914FC0-441B-4B25-904C-27C1AA3A795E}.Debug|x86.ActiveCfg = Debug|x86
		{A0914FC0-441B-4B25-904C-27C1AA3A795E}.Debug|x86.Build.0 = Debug|x86
		{A0914FC0-441B-4B25-904C-27C1AA3A795E}.Release|Any CPU.ActiveCfg = Release|Any CPU
		{A0914FC0-441B-4B25-904C-27C1AA3A795E}.Release|Any CPU.Build.0 = Release|Any CPU
		{A0914FC0-441B-4B25-904C-27C1AA3A795E}.Release|Mixed Platforms.ActiveCfg = Release|x86
		{A0914FC0-441B-4B25-904C-27C1AA3A795E}.Release|Mixed Platforms.Build.0 = Release|x86
		{A0914FC0-441B-4B25-904C-27C1AA3A795E}.Release|x64.ActiveCfg = Release|x64
		{A0914FC0-441B-4B25-904C-27C1AA3A795E}.Release|x64.Build.0 = Release|x64
		{A0914FC0-441B-4B25-904C-27C1AA3A795E}.Release|x86.ActiveCfg = Release|x86
		{A0914FC0-441B-4B25-904C-27C1AA3A795E}.Release|x86.Build.0 = Release|x86
		{FE7AA501-3817-4374-88EC-3E6AAB8F0F54}.Debug|Any CPU.ActiveCfg = Debug|Any CPU
		{FE7AA501-3817-4374-88EC-3E6AAB8F0F54}.Debug|Any CPU.Build.0 = Debug|Any CPU
		{FE7AA501-3817-4374-88EC-3E6AAB8F0F54}.Debug|Mixed Platforms.ActiveCfg = Debug|x86
		{FE7AA501-3817-4374-88EC-3E6AAB8F0F54}.Debug|Mixed Platforms.Build.0 = Debug|x86
		{FE7AA501-3817-4374-88EC-3E6AAB8F0F54}.Debug|x64.ActiveCfg = Debug|x64
		{FE7AA501-3817-4374-88EC-3E6AAB8F0F54}.Debug|x64.Build.0 = Debug|x64
		{FE7AA501-3817-4374-88EC-3E6AAB8F0F54}.Debug|x86.ActiveCfg = Debug|x86
		{FE7AA501-3817-4374-88EC-3E6AAB8F0F54}.Debug|x86.Build.0 = Debug|x86
		{FE7AA501-3817-4374-88EC-3E6AAB8F0F54}.Release|Any CPU.ActiveCfg = Release|Any CPU
		{FE7AA501-3817-4374-88EC-3E6AAB8F0F54}.Release|Any CPU.Build.0 = Release|Any CPU
		{FE7AA501-3817-4374-88EC-3E6AAB8F0F54}.Release|Mixed Platforms.ActiveCfg = Release|x86
		{FE7AA501-3817-4374-88EC-3E6AAB8F0F54}.Release|Mixed Platforms.Build.0 = Release|x86
		{FE7AA501-3817-4374-88EC-3E6AAB8F0F54}.Release|x64.ActiveCfg = Release|x64
		{FE7AA501-3817-4374-88EC-3E6AAB8F0F54}.Release|x64.Build.0 = Release|x64
		{FE7AA501-3817-4374-88EC-3E6AAB8F0F54}.Release|x86.ActiveCfg = Release|x86
		{FE7AA501-3817-4374-88EC-3E6AAB8F0F54}.Release|x86.Build.0 = Release|x86
		{A77F6862-2DF5-4E61-AB70-2C33494F3C0E}.Debug|Any CPU.ActiveCfg = Debug|Any CPU
		{A77F6862-2DF5-4E61-AB70-2C33494F3C0E}.Debug|Any CPU.Build.0 = Debug|Any CPU
		{A77F6862-2DF5-4E61-AB70-2C33494F3C0E}.Debug|Mixed Platforms.ActiveCfg = Debug|x86
		{A77F6862-2DF5-4E61-AB70-2C33494F3C0E}.Debug|Mixed Platforms.Build.0 = Debug|x86
		{A77F6862-2DF5-4E61-AB70-2C33494F3C0E}.Debug|x64.ActiveCfg = Debug|x64
		{A77F6862-2DF5-4E61-AB70-2C33494F3C0E}.Debug|x64.Build.0 = Debug|x64
		{A77F6862-2DF5-4E61-AB70-2C33494F3C0E}.Debug|x86.ActiveCfg = Debug|x86
		{A77F6862-2DF5-4E61-AB70-2C33494F3C0E}.Debug|x86.Build.0 = Debug|x86
		{A77F6862-2DF5-4E61-AB70-2C33494F3C0E}.Release|Any CPU.ActiveCfg = Release|Any CPU
		{A77F6862-2DF5-4E61-AB70-2C33494F3C0E}.Release|Any CPU.Build.0 = Release|Any CPU
		{A77F6862-2DF5-4E61-AB70-2C33494F3C0E}.Release|Mixed Platforms.ActiveCfg = Release|x86
		{A77F6862-2DF5-4E61-AB70-2C33494F3C0E}.Release|Mixed Platforms.Build.0 = Release|x86
		{A77F6862-2DF5-4E61-AB70-2C33494F3C0E}.Release|x64.ActiveCfg = Release|x64
		{A77F6862-2DF5-4E61-AB70-2C33494F3C0E}.Release|x64.Build.0 = Release|x64
		{A77F6862-2DF5-4E61-AB70-2C33494F3C0E}.Release|x86.ActiveCfg = Release|x86
		{A77F6862-2DF5-4E61-AB70-2C33494F3C0E}.Release|x86.Build.0 = Release|x86
		{668BF318-DCC6-47D3-9CF0-F4593B543E20}.Debug|Any CPU.ActiveCfg = Debug|Any CPU
		{668BF318-DCC6-47D3-9CF0-F4593B543E20}.Debug|Any CPU.Build.0 = Debug|Any CPU
		{668BF318-DCC6-47D3-9CF0-F4593B543E20}.Debug|Mixed Platforms.ActiveCfg = Debug|x86
		{668BF318-DCC6-47D3-9CF0-F4593B543E20}.Debug|Mixed Platforms.Build.0 = Debug|x86
		{668BF318-DCC6-47D3-9CF0-F4593B543E20}.Debug|x64.ActiveCfg = Debug|x64
		{668BF318-DCC6-47D3-9CF0-F4593B543E20}.Debug|x64.Build.0 = Debug|x64
		{668BF318-DCC6-47D3-9CF0-F4593B543E20}.Debug|x86.ActiveCfg = Debug|x86
		{668BF318-DCC6-47D3-9CF0-F4593B543E20}.Debug|x86.Build.0 = Debug|x86
		{668BF318-DCC6-47D3-9CF0-F4593B543E20}.Release|Any CPU.ActiveCfg = Release|Any CPU
		{668BF318-DCC6-47D3-9CF0-F4593B543E20}.Release|Any CPU.Build.0 = Release|Any CPU
		{668BF318-DCC6-47D3-9CF0-F4593B543E20}.Release|Mixed Platforms.ActiveCfg = Release|x86
		{668BF318-DCC6-47D3-9CF0-F4593B543E20}.Release|Mixed Platforms.Build.0 = Release|x86
		{668BF318-DCC6-47D3-9CF0-F4593B543E20}.Release|x64.ActiveCfg = Release|x64
		{668BF318-DCC6-47D3-9CF0-F4593B543E20}.Release|x64.Build.0 = Release|x64
		{668BF318-DCC6-47D3-9CF0-F4593B543E20}.Release|x86.ActiveCfg = Release|x86
		{668BF318-DCC6-47D3-9CF0-F4593B543E20}.Release|x86.Build.0 = Release|x86
		{F6025175-8CB5-410F-967B-7DE8379C9004}.Debug|Any CPU.ActiveCfg = Debug|Any CPU
		{F6025175-8CB5-410F-967B-7DE8379C9004}.Debug|Any CPU.Build.0 = Debug|Any CPU
		{F6025175-8CB5-410F-967B-7DE8379C9004}.Debug|Mixed Platforms.ActiveCfg = Debug|x86
		{F6025175-8CB5-410F-967B-7DE8379C9004}.Debug|Mixed Platforms.Build.0 = Debug|x86
		{F6025175-8CB5-410F-967B-7DE8379C9004}.Debug|x64.ActiveCfg = Debug|x64
		{F6025175-8CB5-410F-967B-7DE8379C9004}.Debug|x64.Build.0 = Debug|x64
		{F6025175-8CB5-410F-967B-7DE8379C9004}.Debug|x86.ActiveCfg = Debug|x86
		{F6025175-8CB5-410F-967B-7DE8379C9004}.Debug|x86.Build.0 = Debug|x86
		{F6025175-8CB5-410F-967B-7DE8379C9004}.Release|Any CPU.ActiveCfg = Release|Any CPU
		{F6025175-8CB5-410F-967B-7DE8379C9004}.Release|Any CPU.Build.0 = Release|Any CPU
		{F6025175-8CB5-410F-967B-7DE8379C9004}.Release|Mixed Platforms.ActiveCfg = Release|x86
		{F6025175-8CB5-410F-967B-7DE8379C9004}.Release|Mixed Platforms.Build.0 = Release|x86
		{F6025175-8CB5-410F-967B-7DE8379C9004}.Release|x64.ActiveCfg = Release|x64
		{F6025175-8CB5-410F-967B-7DE8379C9004}.Release|x64.Build.0 = Release|x64
		{F6025175-8CB5-410F-967B-7DE8379C9004}.Release|x86.ActiveCfg = Release|x86
		{F6025175-8CB5-410F-967B-7DE8379C9004}.Release|x86.Build.0 = Release|x86
		{B4F4B477-6867-4A44-914E-89753E658C5F}.Debug|Any CPU.ActiveCfg = Debug|Any CPU
		{B4F4B477-6867-4A44-914E-89753E658C5F}.Debug|Any CPU.Build.0 = Debug|Any CPU
		{B4F4B477-6867-4A44-914E-89753E658C5F}.Debug|Mixed Platforms.ActiveCfg = Debug|x86
		{B4F4B477-6867-4A44-914E-89753E658C5F}.Debug|Mixed Platforms.Build.0 = Debug|x86
		{B4F4B477-6867-4A44-914E-89753E658C5F}.Debug|x64.ActiveCfg = Debug|x64
		{B4F4B477-6867-4A44-914E-89753E658C5F}.Debug|x64.Build.0 = Debug|x64
		{B4F4B477-6867-4A44-914E-89753E658C5F}.Debug|x86.ActiveCfg = Debug|x86
		{B4F4B477-6867-4A44-914E-89753E658C5F}.Debug|x86.Build.0 = Debug|x86
		{B4F4B477-6867-4A44-914E-89753E658C5F}.Release|Any CPU.ActiveCfg = Release|Any CPU
		{B4F4B477-6867-4A44-914E-89753E658C5F}.Release|Any CPU.Build.0 = Release|Any CPU
		{B4F4B477-6867-4A44-914E-89753E658C5F}.Release|Mixed Platforms.ActiveCfg = Release|x86
		{B4F4B477-6867-4A44-914E-89753E658C5F}.Release|Mixed Platforms.Build.0 = Release|x86
		{B4F4B477-6867-4A44-914E-89753E658C5F}.Release|x64.ActiveCfg = Release|x64
		{B4F4B477-6867-4A44-914E-89753E658C5F}.Release|x64.Build.0 = Release|x64
		{B4F4B477-6867-4A44-914E-89753E658C5F}.Release|x86.ActiveCfg = Release|x86
		{B4F4B477-6867-4A44-914E-89753E658C5F}.Release|x86.Build.0 = Release|x86
		{6214FEF9-9914-44C7-8A78-CF95C4FE58CE}.Debug|Any CPU.ActiveCfg = Debug|Any CPU
		{6214FEF9-9914-44C7-8A78-CF95C4FE58CE}.Debug|Any CPU.Build.0 = Debug|Any CPU
		{6214FEF9-9914-44C7-8A78-CF95C4FE58CE}.Debug|Mixed Platforms.ActiveCfg = Debug|x86
		{6214FEF9-9914-44C7-8A78-CF95C4FE58CE}.Debug|Mixed Platforms.Build.0 = Debug|x86
		{6214FEF9-9914-44C7-8A78-CF95C4FE58CE}.Debug|x64.ActiveCfg = Debug|x64
		{6214FEF9-9914-44C7-8A78-CF95C4FE58CE}.Debug|x64.Build.0 = Debug|x64
		{6214FEF9-9914-44C7-8A78-CF95C4FE58CE}.Debug|x86.ActiveCfg = Debug|x86
		{6214FEF9-9914-44C7-8A78-CF95C4FE58CE}.Debug|x86.Build.0 = Debug|x86
		{6214FEF9-9914-44C7-8A78-CF95C4FE58CE}.Release|Any CPU.ActiveCfg = Release|Any CPU
		{6214FEF9-9914-44C7-8A78-CF95C4FE58CE}.Release|Any CPU.Build.0 = Release|Any CPU
		{6214FEF9-9914-44C7-8A78-CF95C4FE58CE}.Release|Mixed Platforms.ActiveCfg = Release|x86
		{6214FEF9-9914-44C7-8A78-CF95C4FE58CE}.Release|Mixed Platforms.Build.0 = Release|x86
		{6214FEF9-9914-44C7-8A78-CF95C4FE58CE}.Release|x64.ActiveCfg = Release|x64
		{6214FEF9-9914-44C7-8A78-CF95C4FE58CE}.Release|x64.Build.0 = Release|x64
		{6214FEF9-9914-44C7-8A78-CF95C4FE58CE}.Release|x86.ActiveCfg = Release|x86
		{6214FEF9-9914-44C7-8A78-CF95C4FE58CE}.Release|x86.Build.0 = Release|x86
		{674AE35D-56ED-4A97-A06A-D70867EE2252}.Debug|Any CPU.ActiveCfg = Debug|Any CPU
		{674AE35D-56ED-4A97-A06A-D70867EE2252}.Debug|Any CPU.Build.0 = Debug|Any CPU
		{674AE35D-56ED-4A97-A06A-D70867EE2252}.Debug|Mixed Platforms.ActiveCfg = Debug|x86
		{674AE35D-56ED-4A97-A06A-D70867EE2252}.Debug|Mixed Platforms.Build.0 = Debug|x86
		{674AE35D-56ED-4A97-A06A-D70867EE2252}.Debug|x64.ActiveCfg = Debug|x64
		{674AE35D-56ED-4A97-A06A-D70867EE2252}.Debug|x64.Build.0 = Debug|x64
		{674AE35D-56ED-4A97-A06A-D70867EE2252}.Debug|x86.ActiveCfg = Debug|x86
		{674AE35D-56ED-4A97-A06A-D70867EE2252}.Debug|x86.Build.0 = Debug|x86
		{674AE35D-56ED-4A97-A06A-D70867EE2252}.Release|Any CPU.ActiveCfg = Release|Any CPU
		{674AE35D-56ED-4A97-A06A-D70867EE2252}.Release|Any CPU.Build.0 = Release|Any CPU
		{674AE35D-56ED-4A97-A06A-D70867EE2252}.Release|Mixed Platforms.ActiveCfg = Release|x86
		{674AE35D-56ED-4A97-A06A-D70867EE2252}.Release|Mixed Platforms.Build.0 = Release|x86
		{674AE35D-56ED-4A97-A06A-D70867EE2252}.Release|x64.ActiveCfg = Release|x64
		{674AE35D-56ED-4A97-A06A-D70867EE2252}.Release|x64.Build.0 = Release|x64
		{674AE35D-56ED-4A97-A06A-D70867EE2252}.Release|x86.ActiveCfg = Release|x86
		{674AE35D-56ED-4A97-A06A-D70867EE2252}.Release|x86.Build.0 = Release|x86
		{424E8669-7E3C-47C8-87E2-FB04B98BBF7C}.Debug|Any CPU.ActiveCfg = Debug|Any CPU
		{424E8669-7E3C-47C8-87E2-FB04B98BBF7C}.Debug|Any CPU.Build.0 = Debug|Any CPU
		{424E8669-7E3C-47C8-87E2-FB04B98BBF7C}.Debug|Mixed Platforms.ActiveCfg = Debug|Any CPU
		{424E8669-7E3C-47C8-87E2-FB04B98BBF7C}.Debug|Mixed Platforms.Build.0 = Debug|Any CPU
		{424E8669-7E3C-47C8-87E2-FB04B98BBF7C}.Debug|x64.ActiveCfg = Debug|x64
		{424E8669-7E3C-47C8-87E2-FB04B98BBF7C}.Debug|x64.Build.0 = Debug|x64
		{424E8669-7E3C-47C8-87E2-FB04B98BBF7C}.Debug|x86.ActiveCfg = Debug|x86
		{424E8669-7E3C-47C8-87E2-FB04B98BBF7C}.Debug|x86.Build.0 = Debug|x86
		{424E8669-7E3C-47C8-87E2-FB04B98BBF7C}.Release|Any CPU.ActiveCfg = Release|Any CPU
		{424E8669-7E3C-47C8-87E2-FB04B98BBF7C}.Release|Any CPU.Build.0 = Release|Any CPU
		{424E8669-7E3C-47C8-87E2-FB04B98BBF7C}.Release|Mixed Platforms.ActiveCfg = Release|Any CPU
		{424E8669-7E3C-47C8-87E2-FB04B98BBF7C}.Release|Mixed Platforms.Build.0 = Release|Any CPU
		{424E8669-7E3C-47C8-87E2-FB04B98BBF7C}.Release|x64.ActiveCfg = Release|x64
		{424E8669-7E3C-47C8-87E2-FB04B98BBF7C}.Release|x64.Build.0 = Release|x64
		{424E8669-7E3C-47C8-87E2-FB04B98BBF7C}.Release|x86.ActiveCfg = Release|x86
		{424E8669-7E3C-47C8-87E2-FB04B98BBF7C}.Release|x86.Build.0 = Release|x86
		{1A74D481-0BC1-4A9A-9DCB-F7FA5E35FDB6}.Debug|Any CPU.ActiveCfg = Debug|Any CPU
		{1A74D481-0BC1-4A9A-9DCB-F7FA5E35FDB6}.Debug|Any CPU.Build.0 = Debug|Any CPU
		{1A74D481-0BC1-4A9A-9DCB-F7FA5E35FDB6}.Debug|Mixed Platforms.ActiveCfg = Debug|x86
		{1A74D481-0BC1-4A9A-9DCB-F7FA5E35FDB6}.Debug|Mixed Platforms.Build.0 = Debug|x86
		{1A74D481-0BC1-4A9A-9DCB-F7FA5E35FDB6}.Debug|x64.ActiveCfg = Debug|x64
		{1A74D481-0BC1-4A9A-9DCB-F7FA5E35FDB6}.Debug|x64.Build.0 = Debug|x64
		{1A74D481-0BC1-4A9A-9DCB-F7FA5E35FDB6}.Debug|x86.ActiveCfg = Debug|x86
		{1A74D481-0BC1-4A9A-9DCB-F7FA5E35FDB6}.Debug|x86.Build.0 = Debug|x86
		{1A74D481-0BC1-4A9A-9DCB-F7FA5E35FDB6}.Release|Any CPU.ActiveCfg = Release|Any CPU
		{1A74D481-0BC1-4A9A-9DCB-F7FA5E35FDB6}.Release|Any CPU.Build.0 = Release|Any CPU
		{1A74D481-0BC1-4A9A-9DCB-F7FA5E35FDB6}.Release|Mixed Platforms.ActiveCfg = Release|x86
		{1A74D481-0BC1-4A9A-9DCB-F7FA5E35FDB6}.Release|Mixed Platforms.Build.0 = Release|x86
		{1A74D481-0BC1-4A9A-9DCB-F7FA5E35FDB6}.Release|x64.ActiveCfg = Release|x64
		{1A74D481-0BC1-4A9A-9DCB-F7FA5E35FDB6}.Release|x64.Build.0 = Release|x64
		{1A74D481-0BC1-4A9A-9DCB-F7FA5E35FDB6}.Release|x86.ActiveCfg = Release|x86
		{1A74D481-0BC1-4A9A-9DCB-F7FA5E35FDB6}.Release|x86.Build.0 = Release|x86
		{C3E06DD5-208D-4136-8E7B-F3FBD4E58082}.Debug|Any CPU.ActiveCfg = Debug|Any CPU
		{C3E06DD5-208D-4136-8E7B-F3FBD4E58082}.Debug|Any CPU.Build.0 = Debug|Any CPU
		{C3E06DD5-208D-4136-8E7B-F3FBD4E58082}.Debug|Mixed Platforms.ActiveCfg = Debug|x86
		{C3E06DD5-208D-4136-8E7B-F3FBD4E58082}.Debug|Mixed Platforms.Build.0 = Debug|x86
		{C3E06DD5-208D-4136-8E7B-F3FBD4E58082}.Debug|x64.ActiveCfg = Debug|x64
		{C3E06DD5-208D-4136-8E7B-F3FBD4E58082}.Debug|x64.Build.0 = Debug|x64
		{C3E06DD5-208D-4136-8E7B-F3FBD4E58082}.Debug|x86.ActiveCfg = Debug|x86
		{C3E06DD5-208D-4136-8E7B-F3FBD4E58082}.Debug|x86.Build.0 = Debug|x86
		{C3E06DD5-208D-4136-8E7B-F3FBD4E58082}.Release|Any CPU.ActiveCfg = Release|Any CPU
		{C3E06DD5-208D-4136-8E7B-F3FBD4E58082}.Release|Any CPU.Build.0 = Release|Any CPU
		{C3E06DD5-208D-4136-8E7B-F3FBD4E58082}.Release|Mixed Platforms.ActiveCfg = Release|x86
		{C3E06DD5-208D-4136-8E7B-F3FBD4E58082}.Release|Mixed Platforms.Build.0 = Release|x86
		{C3E06DD5-208D-4136-8E7B-F3FBD4E58082}.Release|x64.ActiveCfg = Release|x64
		{C3E06DD5-208D-4136-8E7B-F3FBD4E58082}.Release|x64.Build.0 = Release|x64
		{C3E06DD5-208D-4136-8E7B-F3FBD4E58082}.Release|x86.ActiveCfg = Release|x86
		{C3E06DD5-208D-4136-8E7B-F3FBD4E58082}.Release|x86.Build.0 = Release|x86
		{7C82EC1E-1B52-4F0B-B402-DD2554D85071}.Debug|Any CPU.ActiveCfg = Debug|Any CPU
		{7C82EC1E-1B52-4F0B-B402-DD2554D85071}.Debug|Any CPU.Build.0 = Debug|Any CPU
		{7C82EC1E-1B52-4F0B-B402-DD2554D85071}.Debug|Mixed Platforms.ActiveCfg = Debug|x86
		{7C82EC1E-1B52-4F0B-B402-DD2554D85071}.Debug|Mixed Platforms.Build.0 = Debug|x86
		{7C82EC1E-1B52-4F0B-B402-DD2554D85071}.Debug|x64.ActiveCfg = Debug|x64
		{7C82EC1E-1B52-4F0B-B402-DD2554D85071}.Debug|x64.Build.0 = Debug|x64
		{7C82EC1E-1B52-4F0B-B402-DD2554D85071}.Debug|x86.ActiveCfg = Debug|x86
		{7C82EC1E-1B52-4F0B-B402-DD2554D85071}.Debug|x86.Build.0 = Debug|x86
		{7C82EC1E-1B52-4F0B-B402-DD2554D85071}.Release|Any CPU.ActiveCfg = Release|Any CPU
		{7C82EC1E-1B52-4F0B-B402-DD2554D85071}.Release|Any CPU.Build.0 = Release|Any CPU
		{7C82EC1E-1B52-4F0B-B402-DD2554D85071}.Release|Mixed Platforms.ActiveCfg = Release|x86
		{7C82EC1E-1B52-4F0B-B402-DD2554D85071}.Release|Mixed Platforms.Build.0 = Release|x86
		{7C82EC1E-1B52-4F0B-B402-DD2554D85071}.Release|x64.ActiveCfg = Release|x64
		{7C82EC1E-1B52-4F0B-B402-DD2554D85071}.Release|x64.Build.0 = Release|x64
		{7C82EC1E-1B52-4F0B-B402-DD2554D85071}.Release|x86.ActiveCfg = Release|x86
		{7C82EC1E-1B52-4F0B-B402-DD2554D85071}.Release|x86.Build.0 = Release|x86
		{800D8931-8250-44BD-A813-1E3E84B8C28D}.Debug|Any CPU.ActiveCfg = Debug|Any CPU
		{800D8931-8250-44BD-A813-1E3E84B8C28D}.Debug|Any CPU.Build.0 = Debug|Any CPU
		{800D8931-8250-44BD-A813-1E3E84B8C28D}.Debug|Mixed Platforms.ActiveCfg = Debug|Any CPU
		{800D8931-8250-44BD-A813-1E3E84B8C28D}.Debug|Mixed Platforms.Build.0 = Debug|Any CPU
		{800D8931-8250-44BD-A813-1E3E84B8C28D}.Debug|x64.ActiveCfg = Debug|x64
		{800D8931-8250-44BD-A813-1E3E84B8C28D}.Debug|x64.Build.0 = Debug|x64
		{800D8931-8250-44BD-A813-1E3E84B8C28D}.Debug|x86.ActiveCfg = Debug|x86
		{800D8931-8250-44BD-A813-1E3E84B8C28D}.Debug|x86.Build.0 = Debug|x86
		{800D8931-8250-44BD-A813-1E3E84B8C28D}.Release|Any CPU.ActiveCfg = Release|Any CPU
		{800D8931-8250-44BD-A813-1E3E84B8C28D}.Release|Any CPU.Build.0 = Release|Any CPU
		{800D8931-8250-44BD-A813-1E3E84B8C28D}.Release|Mixed Platforms.ActiveCfg = Release|Any CPU
		{800D8931-8250-44BD-A813-1E3E84B8C28D}.Release|Mixed Platforms.Build.0 = Release|Any CPU
		{800D8931-8250-44BD-A813-1E3E84B8C28D}.Release|x64.ActiveCfg = Release|x64
		{800D8931-8250-44BD-A813-1E3E84B8C28D}.Release|x64.Build.0 = Release|x64
		{800D8931-8250-44BD-A813-1E3E84B8C28D}.Release|x86.ActiveCfg = Release|x86
		{800D8931-8250-44BD-A813-1E3E84B8C28D}.Release|x86.Build.0 = Release|x86
		{E167DCB1-4846-4530-B2E0-24F14DE57C5F}.Debug|Any CPU.ActiveCfg = Debug|Any CPU
		{E167DCB1-4846-4530-B2E0-24F14DE57C5F}.Debug|Any CPU.Build.0 = Debug|Any CPU
		{E167DCB1-4846-4530-B2E0-24F14DE57C5F}.Debug|Mixed Platforms.ActiveCfg = Debug|x86
		{E167DCB1-4846-4530-B2E0-24F14DE57C5F}.Debug|Mixed Platforms.Build.0 = Debug|x86
		{E167DCB1-4846-4530-B2E0-24F14DE57C5F}.Debug|x64.ActiveCfg = Debug|x64
		{E167DCB1-4846-4530-B2E0-24F14DE57C5F}.Debug|x64.Build.0 = Debug|x64
		{E167DCB1-4846-4530-B2E0-24F14DE57C5F}.Debug|x86.ActiveCfg = Debug|x86
		{E167DCB1-4846-4530-B2E0-24F14DE57C5F}.Debug|x86.Build.0 = Debug|x86
		{E167DCB1-4846-4530-B2E0-24F14DE57C5F}.Release|Any CPU.ActiveCfg = Release|Any CPU
		{E167DCB1-4846-4530-B2E0-24F14DE57C5F}.Release|Any CPU.Build.0 = Release|Any CPU
		{E167DCB1-4846-4530-B2E0-24F14DE57C5F}.Release|Mixed Platforms.ActiveCfg = Release|x86
		{E167DCB1-4846-4530-B2E0-24F14DE57C5F}.Release|Mixed Platforms.Build.0 = Release|x86
		{E167DCB1-4846-4530-B2E0-24F14DE57C5F}.Release|x64.ActiveCfg = Release|x64
		{E167DCB1-4846-4530-B2E0-24F14DE57C5F}.Release|x64.Build.0 = Release|x64
		{E167DCB1-4846-4530-B2E0-24F14DE57C5F}.Release|x86.ActiveCfg = Release|x86
		{E167DCB1-4846-4530-B2E0-24F14DE57C5F}.Release|x86.Build.0 = Release|x86
	EndGlobalSection
	GlobalSection(SolutionProperties) = preSolution
		HideSolutionNode = FALSE
	EndGlobalSection
EndGlobal
